
Microsoft Visual Studio Solution File, Format Version 12.00
# Visual Studio 14
VisualStudioVersion = 14.0.25420.1
MinimumVisualStudioVersion = 10.0.40219.1
Project("{FAE04EC0-301F-11D3-BF4B-00C04F79EFBC}") = "TimeZonesDemoForCampaigns", "TimeZonesDemoForCampaigns\TimeZonesDemoForCampaigns.csproj", "{ABD7C77A-77AA-4199-8FFC-4C5197643403}"
EndProject
Global
	GlobalSection(SolutionConfigurationPlatforms) = preSolution
		Debug|Any CPU = Debug|Any CPU
		Release|Any CPU = Release|Any CPU
	EndGlobalSection
	GlobalSection(ProjectConfigurationPlatforms) = postSolution
		{ABD7C77A-77AA-4199-8FFC-4C5197643403}.Debug|Any CPU.ActiveCfg = Debug|Any CPU
		{ABD7C77A-77AA-4199-8FFC-4C5197643403}.Debug|Any CPU.Build.0 = Debug|Any CPU
		{ABD7C77A-77AA-4199-8FFC-4C5197643403}.Release|Any CPU.ActiveCfg = Release|Any CPU
		{ABD7C77A-77AA-4199-8FFC-4C5197643403}.Release|Any CPU.Build.0 = Release|Any CPU
	EndGlobalSection
	GlobalSection(SolutionProperties) = preSolution
		HideSolutionNode = FALSE
	EndGlobalSection
EndGlobal
